
Microsoft Visual Studio Solution File, Format Version 12.00
# Visual Studio Version 17
VisualStudioVersion = 17.5.33516.290
MinimumVisualStudioVersion = 10.0.40219.1
Project("{FAE04EC0-301F-11D3-BF4B-00C04F79EFBC}") = "BasketballScoreboard", "BasketballScoreboard\BasketballScoreboard.csproj", "{70F06278-D04F-40AA-8851-69F2729E580B}"
EndProject
Project("{FAE04EC0-301F-11D3-BF4B-00C04F79EFBC}") = "BasketballScoreboard.Tests", "BasketballScoreboard.Tests\BasketballScoreboard.Tests.csproj", "{F6335572-77FF-43EE-A915-8C887CEAB98F}"
EndProject
Global
	GlobalSection(SolutionConfigurationPlatforms) = preSolution
		Debug|Any CPU = Debug|Any CPU
		Release|Any CPU = Release|Any CPU
	EndGlobalSection
	GlobalSection(ProjectConfigurationPlatforms) = postSolution
		{70F06278-D04F-40AA-8851-69F2729E580B}.Debug|Any CPU.ActiveCfg = Debug|Any CPU
		{70F06278-D04F-40AA-8851-69F2729E580B}.Debug|Any CPU.Build.0 = Debug|Any CPU
		{70F06278-D04F-40AA-8851-69F2729E580B}.Release|Any CPU.ActiveCfg = Release|Any CPU
		{70F06278-D04F-40AA-8851-69F2729E580B}.Release|Any CPU.Build.0 = Release|Any CPU
		{F6335572-77FF-43EE-A915-8C887CEAB98F}.Debug|Any CPU.ActiveCfg = Debug|Any CPU
		{F6335572-77FF-43EE-A915-8C887CEAB98F}.Debug|Any CPU.Build.0 = Debug|Any CPU
		{F6335572-77FF-43EE-A915-8C887CEAB98F}.Release|Any CPU.ActiveCfg = Release|Any CPU
		{F6335572-77FF-43EE-A915-8C887CEAB98F}.Release|Any CPU.Build.0 = Release|Any CPU
	EndGlobalSection
	GlobalSection(SolutionProperties) = preSolution
		HideSolutionNode = FALSE
	EndGlobalSection
	GlobalSection(ExtensibilityGlobals) = postSolution
		SolutionGuid = {D65E9CD6-780C-4C42-9E9E-3C71B113F15E}
	EndGlobalSection
EndGlobal
